
Microsoft Visual Studio Solution File, Format Version 12.00
# Visual Studio Version 17
VisualStudioVersion = 17.1.32328.378
MinimumVisualStudioVersion = 10.0.40219.1
Project("{FAE04EC0-301F-11D3-BF4B-00C04F79EFBC}") = "CodeWEB", "CodeWEB\CodeWEB.csproj", "{7F57C05E-D2FC-410C-95A2-225BF3302CCD}"
EndProject
Global
	GlobalSection(SolutionConfigurationPlatforms) = preSolution
		Debug|Any CPU = Debug|Any CPU
		Release|Any CPU = Release|Any CPU
	EndGlobalSection
	GlobalSection(ProjectConfigurationPlatforms) = postSolution
		{7F57C05E-D2FC-410C-95A2-225BF3302CCD}.Debug|Any CPU.ActiveCfg = Debug|Any CPU
		{7F57C05E-D2FC-410C-95A2-225BF3302CCD}.Debug|Any CPU.Build.0 = Debug|Any CPU
		{7F57C05E-D2FC-410C-95A2-225BF3302CCD}.Release|Any CPU.ActiveCfg = Release|Any CPU
		{7F57C05E-D2FC-410C-95A2-225BF3302CCD}.Release|Any CPU.Build.0 = Release|Any CPU
	EndGlobalSection
	GlobalSection(SolutionProperties) = preSolution
		HideSolutionNode = FALSE
	EndGlobalSection
	GlobalSection(ExtensibilityGlobals) = postSolution
		SolutionGuid = {6484EA2A-515B-475E-889E-D2AB7A43FDF6}
	EndGlobalSection
EndGlobal
